
Microsoft Visual Studio Solution File, Format Version 12.00
# Visual Studio 15
VisualStudioVersion = 15.0.28307.168
MinimumVisualStudioVersion = 10.0.40219.1
Project("{FAE04EC0-301F-11D3-BF4B-00C04F79EFBC}") = "InvestipsSecurities", "InvestipsSecurities\InvestipsSecurities.csproj", "{43805E68-1141-4D47-936E-BA6874FB435F}"
EndProject
Global
	GlobalSection(SolutionConfigurationPlatforms) = preSolution
		Debug|Any CPU = Debug|Any CPU
		Release|Any CPU = Release|Any CPU
	EndGlobalSection
	GlobalSection(ProjectConfigurationPlatforms) = postSolution
		{43805E68-1141-4D47-936E-BA6874FB435F}.Debug|Any CPU.ActiveCfg = Debug|Any CPU
		{43805E68-1141-4D47-936E-BA6874FB435F}.Debug|Any CPU.Build.0 = Debug|Any CPU
		{43805E68-1141-4D47-936E-BA6874FB435F}.Release|Any CPU.ActiveCfg = Release|Any CPU
		{43805E68-1141-4D47-936E-BA6874FB435F}.Release|Any CPU.Build.0 = Release|Any CPU
	EndGlobalSection
	GlobalSection(SolutionProperties) = preSolution
		HideSolutionNode = FALSE
	EndGlobalSection
	GlobalSection(ExtensibilityGlobals) = postSolution
		SolutionGuid = {00909AAF-DAC7-4A6E-813B-9D9AFAA4A6FB}
	EndGlobalSection
EndGlobal
